
Microsoft Visual Studio Solution File, Format Version 12.00
# Visual Studio Version 16
VisualStudioVersion = 16.0.30621.155
MinimumVisualStudioVersion = 10.0.40219.1
Project("{8BC9CEB8-8B4A-11D0-8D11-00A0C91BC942}") = "1", "1\1.vcxproj", "{9348FC70-C8E0-4CC5-819A-1A67F5A0C012}"
EndProject
Project("{8BC9CEB8-8B4A-11D0-8D11-00A0C91BC942}") = "2", "2\2.vcxproj", "{AF5E68A0-FABB-4980-8AC8-64EA5F911D5B}"
EndProject
Project("{8BC9CEB8-8B4A-11D0-8D11-00A0C91BC942}") = "3", "3\3.vcxproj", "{5A97607D-AC27-4C40-B5DA-01671115BEA7}"
EndProject
Project("{8BC9CEB8-8B4A-11D0-8D11-00A0C91BC942}") = "4", "4\4.vcxproj", "{32370AF8-B256-44B1-A50C-295399E11E4D}"
EndProject
Project("{8BC9CEB8-8B4A-11D0-8D11-00A0C91BC942}") = "5", "5\5.vcxproj", "{F0AD0DE2-B366-4AA8-A183-A351C0CCFFB9}"
EndProject
Project("{8BC9CEB8-8B4A-11D0-8D11-00A0C91BC942}") = "6", "6\6.vcxproj", "{9A3C3374-A009-47A9-B188-324EBBC77239}"
EndProject
Project("{8BC9CEB8-8B4A-11D0-8D11-00A0C91BC942}") = "7", "7\7.vcxproj", "{577EFDF3-7090-450A-A8D8-6EAC1A24E81F}"
EndProject
Project("{8BC9CEB8-8B4A-11D0-8D11-00A0C91BC942}") = "8", "8\8.vcxproj", "{49995A85-E2ED-4720-B467-C62EE928BCE4}"
EndProject
Global
	GlobalSection(SolutionConfigurationPlatforms) = preSolution
		Debug|x64 = Debug|x64
		Debug|x86 = Debug|x86
		Release|x64 = Release|x64
		Release|x86 = Release|x86
	EndGlobalSection
	GlobalSection(ProjectConfigurationPlatforms) = postSolution
		{9348FC70-C8E0-4CC5-819A-1A67F5A0C012}.Debug|x64.ActiveCfg = Debug|x64
		{9348FC70-C8E0-4CC5-819A-1A67F5A0C012}.Debug|x64.Build.0 = Debug|x64
		{9348FC70-C8E0-4CC5-819A-1A67F5A0C012}.Debug|x86.ActiveCfg = Debug|Win32
		{9348FC70-C8E0-4CC5-819A-1A67F5A0C012}.Debug|x86.Build.0 = Debug|Win32
		{9348FC70-C8E0-4CC5-819A-1A67F5A0C012}.Release|x64.ActiveCfg = Release|x64
		{9348FC70-C8E0-4CC5-819A-1A67F5A0C012}.Release|x64.Build.0 = Release|x64
		{9348FC70-C8E0-4CC5-819A-1A67F5A0C012}.Release|x86.ActiveCfg = Release|Win32
		{9348FC70-C8E0-4CC5-819A-1A67F5A0C012}.Release|x86.Build.0 = Release|Win32
		{AF5E68A0-FABB-4980-8AC8-64EA5F911D5B}.Debug|x64.ActiveCfg = Debug|x64
		{AF5E68A0-FABB-4980-8AC8-64EA5F911D5B}.Debug|x64.Build.0 = Debug|x64
		{AF5E68A0-FABB-4980-8AC8-64EA5F911D5B}.Debug|x86.ActiveCfg = Debug|Win32
		{AF5E68A0-FABB-4980-8AC8-64EA5F911D5B}.Debug|x86.Build.0 = Debug|Win32
		{AF5E68A0-FABB-4980-8AC8-64EA5F911D5B}.Release|x64.ActiveCfg = Release|x64
		{AF5E68A0-FABB-4980-8AC8-64EA5F911D5B}.Release|x64.Build.0 = Release|x64
		{AF5E68A0-FABB-4980-8AC8-64EA5F911D5B}.Release|x86.ActiveCfg = Release|Win32
		{AF5E68A0-FABB-4980-8AC8-64EA5F911D5B}.Release|x86.Build.0 = Release|Win32
		{5A97607D-AC27-4C40-B5DA-01671115BEA7}.Debug|x64.ActiveCfg = Debug|x64
		{5A97607D-AC27-4C40-B5DA-01671115BEA7}.Debug|x64.Build.0 = Debug|x64
		{5A97607D-AC27-4C40-B5DA-01671115BEA7}.Debug|x86.ActiveCfg = Debug|Win32
		{5A97607D-AC27-4C40-B5DA-01671115BEA7}.Debug|x86.Build.0 = Debug|Win32
		{5A97607D-AC27-4C40-B5DA-01671115BEA7}.Release|x64.ActiveCfg = Release|x64
		{5A97607D-AC27-4C40-B5DA-01671115BEA7}.Release|x64.Build.0 = Release|x64
		{5A97607D-AC27-4C40-B5DA-01671115BEA7}.Release|x86.ActiveCfg = Release|Win32
		{5A97607D-AC27-4C40-B5DA-01671115BEA7}.Release|x86.Build.0 = Release|Win32
		{32370AF8-B256-44B1-A50C-295399E11E4D}.Debug|x64.ActiveCfg = Debug|x64
		{32370AF8-B256-44B1-A50C-295399E11E4D}.Debug|x64.Build.0 = Debug|x64
		{32370AF8-B256-44B1-A50C-295399E11E4D}.Debug|x86.ActiveCfg = Debug|Win32
		{32370AF8-B256-44B1-A50C-295399E11E4D}.Debug|x86.Build.0 = Debug|Win32
		{32370AF8-B256-44B1-A50C-295399E11E4D}.Release|x64.ActiveCfg = Release|x64
		{32370AF8-B256-44B1-A50C-295399E11E4D}.Release|x64.Build.0 = Release|x64
		{32370AF8-B256-44B1-A50C-295399E11E4D}.Release|x86.ActiveCfg = Release|Win32
		{32370AF8-B256-44B1-A50C-295399E11E4D}.Release|x86.Build.0 = Release|Win32
		{F0AD0DE2-B366-4AA8-A183-A351C0CCFFB9}.Debug|x64.ActiveCfg = Debug|x64
		{F0AD0DE2-B366-4AA8-A183-A351C0CCFFB9}.Debug|x64.Build.0 = Debug|x64
		{F0AD0DE2-B366-4AA8-A183-A351C0CCFFB9}.Debug|x86.ActiveCfg = Debug|Win32
		{F0AD0DE2-B366-4AA8-A183-A351C0CCFFB9}.Debug|x86.Build.0 = Debug|Win32
		{F0AD0DE2-B366-4AA8-A183-A351C0CCFFB9}.Release|x64.ActiveCfg = Release|x64
		{F0AD0DE2-B366-4AA8-A183-A351C0CCFFB9}.Release|x64.Build.0 = Release|x64
		{F0AD0DE2-B366-4AA8-A183-A351C0CCFFB9}.Release|x86.ActiveCfg = Release|Win32
		{F0AD0DE2-B366-4AA8-A183-A351C0CCFFB9}.Release|x86.Build.0 = Release|Win32
		{9A3C3374-A009-47A9-B188-324EBBC77239}.Debug|x64.ActiveCfg = Debug|x64
		{9A3C3374-A009-47A9-B188-324EBBC77239}.Debug|x64.Build.0 = Debug|x64
		{9A3C3374-A009-47A9-B188-324EBBC77239}.Debug|x86.ActiveCfg = Debug|Win32
		{9A3C3374-A009-47A9-B188-324EBBC77239}.Debug|x86.Build.0 = Debug|Win32
		{9A3C3374-A009-47A9-B188-324EBBC77239}.Release|x64.ActiveCfg = Release|x64
		{9A3C3374-A009-47A9-B188-324EBBC77239}.Release|x64.Build.0 = Release|x64
		{9A3C3374-A009-47A9-B188-324EBBC77239}.Release|x86.ActiveCfg = Release|Win32
		{9A3C3374-A009-47A9-B188-324EBBC77239}.Release|x86.Build.0 = Release|Win32
		{577EFDF3-7090-450A-A8D8-6EAC1A24E81F}.Debug|x64.ActiveCfg = Debug|x64
		{577EFDF3-7090-450A-A8D8-6EAC1A24E81F}.Debug|x64.Build.0 = Debug|x64
		{577EFDF3-7090-450A-A8D8-6EAC1A24E81F}.Debug|x86.ActiveCfg = Debug|Win32
		{577EFDF3-7090-450A-A8D8-6EAC1A24E81F}.Debug|x86.Build.0 = Debug|Win32
		{577EFDF3-7090-450A-A8D8-6EAC1A24E81F}.Release|x64.ActiveCfg = Release|x64
		{577EFDF3-7090-450A-A8D8-6EAC1A24E81F}.Release|x64.Build.0 = Release|x64
		{577EFDF3-7090-450A-A8D8-6EAC1A24E81F}.Release|x86.ActiveCfg = Release|Win32
		{577EFDF3-7090-450A-A8D8-6EAC1A24E81F}.Release|x86.Build.0 = Release|Win32
		{49995A85-E2ED-4720-B467-C62EE928BCE4}.Debug|x64.ActiveCfg = Debug|x64
		{49995A85-E2ED-4720-B467-C62EE928BCE4}.Debug|x64.Build.0 = Debug|x64
		{49995A85-E2ED-4720-B467-C62EE928BCE4}.Debug|x86.ActiveCfg = Debug|Win32
		{49995A85-E2ED-4720-B467-C62EE928BCE4}.Debug|x86.Build.0 = Debug|Win32
		{49995A85-E2ED-4720-B467-C62EE928BCE4}.Release|x64.ActiveCfg = Release|x64
		{49995A85-E2ED-4720-B467-C62EE928BCE4}.Release|x64.Build.0 = Release|x64
		{49995A85-E2ED-4720-B467-C62EE928BCE4}.Release|x86.ActiveCfg = Release|Win32
		{49995A85-E2ED-4720-B467-C62EE928BCE4}.Release|x86.Build.0 = Release|Win32
	EndGlobalSection
	GlobalSection(SolutionProperties) = preSolution
		HideSolutionNode = FALSE
	EndGlobalSection
	GlobalSection(ExtensibilityGlobals) = postSolution
		SolutionGuid = {66192ED3-2449-4449-BF47-6AB3D28F839D}
	EndGlobalSection
EndGlobal
